
Microsoft Visual Studio Solution File, Format Version 12.00
# Visual Studio Version 17
VisualStudioVersion = 17.6.33723.286
MinimumVisualStudioVersion = 10.0.40219.1
Project("{FAE04EC0-301F-11D3-BF4B-00C04F79EFBC}") = "BuilderDemo", "BuilderDemo.csproj", "{BB6A3D7B-4E96-451B-A421-BBE8F5E6904D}"
EndProject
Global
	GlobalSection(SolutionConfigurationPlatforms) = preSolution
		Debug|Any CPU = Debug|Any CPU
		Release|Any CPU = Release|Any CPU
	EndGlobalSection
	GlobalSection(ProjectConfigurationPlatforms) = postSolution
		{BB6A3D7B-4E96-451B-A421-BBE8F5E6904D}.Debug|Any CPU.ActiveCfg = Debug|Any CPU
		{BB6A3D7B-4E96-451B-A421-BBE8F5E6904D}.Debug|Any CPU.Build.0 = Debug|Any CPU
		{BB6A3D7B-4E96-451B-A421-BBE8F5E6904D}.Release|Any CPU.ActiveCfg = Release|Any CPU
		{BB6A3D7B-4E96-451B-A421-BBE8F5E6904D}.Release|Any CPU.Build.0 = Release|Any CPU
	EndGlobalSection
	GlobalSection(SolutionProperties) = preSolution
		HideSolutionNode = FALSE
	EndGlobalSection
	GlobalSection(ExtensibilityGlobals) = postSolution
		SolutionGuid = {AB0CD961-EE86-4CA9-BBB0-EB1B90419863}
	EndGlobalSection
EndGlobal
