
Microsoft Visual Studio Solution File, Format Version 12.00
# Visual Studio 15
VisualStudioVersion = 15.0.28307.645
MinimumVisualStudioVersion = 10.0.40219.1
Project("{FAE04EC0-301F-11D3-BF4B-00C04F79EFBC}") = "Singleton", "Singleton\Singleton.csproj", "{42F0A54B-9745-423A-A431-9052640E9477}"
EndProject
Global
	GlobalSection(SolutionConfigurationPlatforms) = preSolution
		Debug|Any CPU = Debug|Any CPU
		Release|Any CPU = Release|Any CPU
	EndGlobalSection
	GlobalSection(ProjectConfigurationPlatforms) = postSolution
		{42F0A54B-9745-423A-A431-9052640E9477}.Debug|Any CPU.ActiveCfg = Debug|Any CPU
		{42F0A54B-9745-423A-A431-9052640E9477}.Debug|Any CPU.Build.0 = Debug|Any CPU
		{42F0A54B-9745-423A-A431-9052640E9477}.Release|Any CPU.ActiveCfg = Release|Any CPU
		{42F0A54B-9745-423A-A431-9052640E9477}.Release|Any CPU.Build.0 = Release|Any CPU
	EndGlobalSection
	GlobalSection(SolutionProperties) = preSolution
		HideSolutionNode = FALSE
	EndGlobalSection
	GlobalSection(ExtensibilityGlobals) = postSolution
		SolutionGuid = {70DFD983-B72C-42A0-930A-C57BE213D3C8}
	EndGlobalSection
EndGlobal
